
Microsoft Visual Studio Solution File, Format Version 11.00
# Visual Studio 2010
Project("{FAE04EC0-301F-11D3-BF4B-00C04F79EFBC}") = "Assembly-CSharp", "Assembly-CSharp.csproj", "{4FF398D0-A6B0-56CB-9165-02C1DFCF8087}"
EndProject
Global
	GlobalSection(SolutionConfigurationPlatforms) = preSolution
		Debug|Any CPU = Debug|Any CPU
		Release|Any CPU = Release|Any CPU
	EndGlobalSection
	GlobalSection(ProjectConfigurationPlatforms) = postSolution
		{4FF398D0-A6B0-56CB-9165-02C1DFCF8087}.Debug|Any CPU.ActiveCfg = Debug|Any CPU
		{4FF398D0-A6B0-56CB-9165-02C1DFCF8087}.Debug|Any CPU.Build.0 = Debug|Any CPU
		{4FF398D0-A6B0-56CB-9165-02C1DFCF8087}.Release|Any CPU.ActiveCfg = Release|Any CPU
		{4FF398D0-A6B0-56CB-9165-02C1DFCF8087}.Release|Any CPU.Build.0 = Release|Any CPU
	EndGlobalSection
	GlobalSection(MonoDevelopProperties) = preSolution
		StartupItem = Assembly-CSharp.csproj
	EndGlobalSection
EndGlobal
